
Microsoft Visual Studio Solution File, Format Version 12.00
# Visual Studio Version 16
VisualStudioVersion = 16.0.29306.81
MinimumVisualStudioVersion = 10.0.40219.1
Project("{FAE04EC0-301F-11D3-BF4B-00C04F79EFBC}") = "AbstractJewerlyView", "AbstractJewelryShopView\AbstractJewerlyView.csproj", "{F162D57D-0A2A-4AFB-B7C3-8F6205AE9A62}"
EndProject
Project("{9A19103F-16F7-4668-BE54-9A1E7A4F7556}") = "AbstractJewelryShopBusinessLogic", "AbstractJewelryShopBusinessLogic\AbstractJewelryShopBusinessLogic.csproj", "{BF13A202-07C5-46CA-BEA8-8B4DBA97CE0A}"
EndProject
Project("{9A19103F-16F7-4668-BE54-9A1E7A4F7556}") = "AbstractJewelryShopListImplement", "AbstractJewelryShopListImplement\AbstractJewelryShopListImplement.csproj", "{69AF16B7-AA67-42C0-A89E-4DEA88279F9D}"
EndProject
Global
	GlobalSection(SolutionConfigurationPlatforms) = preSolution
		Debug|Any CPU = Debug|Any CPU
		Release|Any CPU = Release|Any CPU
	EndGlobalSection
	GlobalSection(ProjectConfigurationPlatforms) = postSolution
		{F162D57D-0A2A-4AFB-B7C3-8F6205AE9A62}.Debug|Any CPU.ActiveCfg = Debug|Any CPU
		{F162D57D-0A2A-4AFB-B7C3-8F6205AE9A62}.Debug|Any CPU.Build.0 = Debug|Any CPU
		{F162D57D-0A2A-4AFB-B7C3-8F6205AE9A62}.Release|Any CPU.ActiveCfg = Release|Any CPU
		{F162D57D-0A2A-4AFB-B7C3-8F6205AE9A62}.Release|Any CPU.Build.0 = Release|Any CPU
		{BF13A202-07C5-46CA-BEA8-8B4DBA97CE0A}.Debug|Any CPU.ActiveCfg = Debug|Any CPU
		{BF13A202-07C5-46CA-BEA8-8B4DBA97CE0A}.Debug|Any CPU.Build.0 = Debug|Any CPU
		{BF13A202-07C5-46CA-BEA8-8B4DBA97CE0A}.Release|Any CPU.ActiveCfg = Release|Any CPU
		{BF13A202-07C5-46CA-BEA8-8B4DBA97CE0A}.Release|Any CPU.Build.0 = Release|Any CPU
		{69AF16B7-AA67-42C0-A89E-4DEA88279F9D}.Debug|Any CPU.ActiveCfg = Debug|Any CPU
		{69AF16B7-AA67-42C0-A89E-4DEA88279F9D}.Debug|Any CPU.Build.0 = Debug|Any CPU
		{69AF16B7-AA67-42C0-A89E-4DEA88279F9D}.Release|Any CPU.ActiveCfg = Release|Any CPU
		{69AF16B7-AA67-42C0-A89E-4DEA88279F9D}.Release|Any CPU.Build.0 = Release|Any CPU
	EndGlobalSection
	GlobalSection(SolutionProperties) = preSolution
		HideSolutionNode = FALSE
	EndGlobalSection
	GlobalSection(ExtensibilityGlobals) = postSolution
		SolutionGuid = {E015756C-708E-4321-B0C6-1F3006976325}
	EndGlobalSection
EndGlobal
